
Microsoft Visual Studio Solution File, Format Version 12.00
# Visual Studio Version 17
VisualStudioVersion = 17.14.36401.2 d17.14
MinimumVisualStudioVersion = 10.0.40219.1
Project("{FAE04EC0-301F-11D3-BF4B-00C04F79EFBC}") = "GestorTarea", "GestorTarea\GestorTarea.csproj", "{77C5B737-F585-4458-9E48-47E9FEEEB947}"
EndProject
Global
	GlobalSection(SolutionConfigurationPlatforms) = preSolution
		Debug|Any CPU = Debug|Any CPU
		Release|Any CPU = Release|Any CPU
	EndGlobalSection
	GlobalSection(ProjectConfigurationPlatforms) = postSolution
		{77C5B737-F585-4458-9E48-47E9FEEEB947}.Debug|Any CPU.ActiveCfg = Debug|Any CPU
		{77C5B737-F585-4458-9E48-47E9FEEEB947}.Debug|Any CPU.Build.0 = Debug|Any CPU
		{77C5B737-F585-4458-9E48-47E9FEEEB947}.Release|Any CPU.ActiveCfg = Release|Any CPU
		{77C5B737-F585-4458-9E48-47E9FEEEB947}.Release|Any CPU.Build.0 = Release|Any CPU
	EndGlobalSection
	GlobalSection(SolutionProperties) = preSolution
		HideSolutionNode = FALSE
	EndGlobalSection
	GlobalSection(ExtensibilityGlobals) = postSolution
		SolutionGuid = {62BD17CB-D779-4301-A0A6-17D4A363F3B0}
	EndGlobalSection
EndGlobal
